
Microsoft Visual Studio Solution File, Format Version 12.00
# Visual Studio Version 17
VisualStudioVersion = 17.3.32825.248
MinimumVisualStudioVersion = 10.0.40219.1
Project("{FAE04EC0-301F-11D3-BF4B-00C04F79EFBC}") = "UdpPerfTest_Sender", "UdpPerfTest_Sender\UdpPerfTest_Sender.csproj", "{547F89F4-DA17-4A9D-A67A-02CB53C41F8C}"
EndProject
Project("{FAE04EC0-301F-11D3-BF4B-00C04F79EFBC}") = "UdpPerfTest_Reciever", "UdpPerfTest_Reciever\UdpPerfTest_Reciever.csproj", "{D36FE3F9-9B8A-49F0-9BDC-24B8B9004A20}"
EndProject
Project("{FAE04EC0-301F-11D3-BF4B-00C04F79EFBC}") = "UDPPerfTest_Share", "UDPPerfTest_Share\UDPPerfTest_Share.csproj", "{0F311FFE-EF21-4155-BC02-28FDB9DF5714}"
EndProject
Global
	GlobalSection(SolutionConfigurationPlatforms) = preSolution
		Debug|Any CPU = Debug|Any CPU
		Release|Any CPU = Release|Any CPU
	EndGlobalSection
	GlobalSection(ProjectConfigurationPlatforms) = postSolution
		{547F89F4-DA17-4A9D-A67A-02CB53C41F8C}.Debug|Any CPU.ActiveCfg = Debug|Any CPU
		{547F89F4-DA17-4A9D-A67A-02CB53C41F8C}.Debug|Any CPU.Build.0 = Debug|Any CPU
		{547F89F4-DA17-4A9D-A67A-02CB53C41F8C}.Release|Any CPU.ActiveCfg = Release|Any CPU
		{547F89F4-DA17-4A9D-A67A-02CB53C41F8C}.Release|Any CPU.Build.0 = Release|Any CPU
		{D36FE3F9-9B8A-49F0-9BDC-24B8B9004A20}.Debug|Any CPU.ActiveCfg = Debug|Any CPU
		{D36FE3F9-9B8A-49F0-9BDC-24B8B9004A20}.Debug|Any CPU.Build.0 = Debug|Any CPU
		{D36FE3F9-9B8A-49F0-9BDC-24B8B9004A20}.Release|Any CPU.ActiveCfg = Release|Any CPU
		{D36FE3F9-9B8A-49F0-9BDC-24B8B9004A20}.Release|Any CPU.Build.0 = Release|Any CPU
		{0F311FFE-EF21-4155-BC02-28FDB9DF5714}.Debug|Any CPU.ActiveCfg = Debug|Any CPU
		{0F311FFE-EF21-4155-BC02-28FDB9DF5714}.Debug|Any CPU.Build.0 = Debug|Any CPU
		{0F311FFE-EF21-4155-BC02-28FDB9DF5714}.Release|Any CPU.ActiveCfg = Release|Any CPU
		{0F311FFE-EF21-4155-BC02-28FDB9DF5714}.Release|Any CPU.Build.0 = Release|Any CPU
	EndGlobalSection
	GlobalSection(SolutionProperties) = preSolution
		HideSolutionNode = FALSE
	EndGlobalSection
	GlobalSection(ExtensibilityGlobals) = postSolution
		SolutionGuid = {538FCF5F-F954-45D1-AEC0-E8FC1F05AF6A}
	EndGlobalSection
EndGlobal
